// !$*UTF8*$!
{
	archiveVersion = 1;
	classes = {
	};
	objectVersion = 46;
	objects = {

/* Begin PBXBuildFile section */
		8014DCC4182A20DC0084F0B9 /* ExampleViewController.m in Sources */ = {isa = PBXBuildFile; fileRef = 8014DCC2182A20DC0084F0B9 /* ExampleViewController.m */; };
		8014DCC6182A20DC0084F0B9 /* ExampleViewController.xib in Resources */ = {isa = PBXBuildFile; fileRef = 8014DCC3182A20DC0084F0B9 /* ExampleViewController.xib */; };
		8014DCC7182A20DC0084F0B9 /* ExampleViewController.xib in Resources */ = {isa = PBXBuildFile; fileRef = 8014DCC3182A20DC0084F0B9 /* ExampleViewController.xib */; };
		808F5AAA182A1D270019CEFF /* Foundation.framework in Frameworks */ = {isa = PBXBuildFile; fileRef = 808F5AA9182A1D270019CEFF /* Foundation.framework */; };
		808F5AAC182A1D270019CEFF /* CoreGraphics.framework in Frameworks */ = {isa = PBXBuildFile; fileRef = 808F5AAB182A1D270019CEFF /* CoreGraphics.framework */; };
		808F5AAE182A1D270019CEFF /* UIKit.framework in Frameworks */ = {isa = PBXBuildFile; fileRef = 808F5AAD182A1D270019CEFF /* UIKit.framework */; };
		808F5AB4182A1D270019CEFF /* InfoPlist.strings in Resources */ = {isa = PBXBuildFile; fileRef = 808F5AB2182A1D270019CEFF /* InfoPlist.strings */; };
		808F5AB6182A1D270019CEFF /* main.m in Sources */ = {isa = PBXBuildFile; fileRef = 808F5AB5182A1D270019CEFF /* main.m */; };
		808F5ABA182A1D270019CEFF /* AppDelegate.m in Sources */ = {isa = PBXBuildFile; fileRef = 808F5AB9182A1D270019CEFF /* AppDelegate.m */; };
		808F5ABC182A1D270019CEFF /* Images.xcassets in Resources */ = {isa = PBXBuildFile; fileRef = 808F5ABB182A1D270019CEFF /* Images.xcassets */; };
		808F5AC3182A1D270019CEFF /* XCTest.framework in Frameworks */ = {isa = PBXBuildFile; fileRef = 808F5AC2182A1D270019CEFF /* XCTest.framework */; };
		808F5AC4182A1D270019CEFF /* Foundation.framework in Frameworks */ = {isa = PBXBuildFile; fileRef = 808F5AA9182A1D270019CEFF /* Foundation.framework */; };
		808F5AC5182A1D270019CEFF /* UIKit.framework in Frameworks */ = {isa = PBXBuildFile; fileRef = 808F5AAD182A1D270019CEFF /* UIKit.framework */; };
		808F5ACD182A1D270019CEFF /* InfoPlist.strings in Resources */ = {isa = PBXBuildFile; fileRef = 808F5ACB182A1D270019CEFF /* InfoPlist.strings */; };
		80D3F917182B757700DCF7C0 /* ValidatorExampleViewController.m in Sources */ = {isa = PBXBuildFile; fileRef = 80D3F915182B757700DCF7C0 /* ValidatorExampleViewController.m */; };
		80D3F918182B757700DCF7C0 /* ValidatorExampleViewController.xib in Resources */ = {isa = PBXBuildFile; fileRef = 80D3F916182B757700DCF7C0 /* ValidatorExampleViewController.xib */; };
		80D3F91C182B848D00DCF7C0 /* MultipleValidatorExampleViewController.m in Sources */ = {isa = PBXBuildFile; fileRef = 80D3F91A182B848D00DCF7C0 /* MultipleValidatorExampleViewController.m */; };
		80D3F91D182B848D00DCF7C0 /* MultipleValidatorExampleViewController.xib in Resources */ = {isa = PBXBuildFile; fileRef = 80D3F91B182B848D00DCF7C0 /* MultipleValidatorExampleViewController.xib */; };
		FA1559941C0B7F07009C7F2B /* Launch Screen.storyboard in Resources */ = {isa = PBXBuildFile; fileRef = FA1559931C0B7F07009C7F2B /* Launch Screen.storyboard */; };
		FA3330FE1C175ECC00E61771 /* LKValidator.m in Sources */ = {isa = PBXBuildFile; fileRef = FA3330E81C175ECC00E61771 /* LKValidator.m */; };
		FA3330FF1C175ECC00E61771 /* LKValidatorError.m in Sources */ = {isa = PBXBuildFile; fileRef = FA3330EA1C175ECC00E61771 /* LKValidatorError.m */; };
		FA3331001C175ECC00E61771 /* LKTextField.m in Sources */ = {isa = PBXBuildFile; fileRef = FA3330EE1C175ECC00E61771 /* LKTextField.m */; };
		FA3331011C175ECC00E61771 /* LKAlphaValidator.m in Sources */ = {isa = PBXBuildFile; fileRef = FA3330F11C175ECC00E61771 /* LKAlphaValidator.m */; };
		FA3331021C175ECC00E61771 /* LKEmailValidator.m in Sources */ = {isa = PBXBuildFile; fileRef = FA3330F31C175ECC00E61771 /* LKEmailValidator.m */; };
		FA3331031C175ECC00E61771 /* LKLengthValidator.m in Sources */ = {isa = PBXBuildFile; fileRef = FA3330F51C175ECC00E61771 /* LKLengthValidator.m */; };
		FA3331041C175ECC00E61771 /* LKMultipleValidator.m in Sources */ = {isa = PBXBuildFile; fileRef = FA3330F71C175ECC00E61771 /* LKMultipleValidator.m */; };
		FA3331051C175ECC00E61771 /* LKNumericValidator.m in Sources */ = {isa = PBXBuildFile; fileRef = FA3330F91C175ECC00E61771 /* LKNumericValidator.m */; };
		FA3331061C175ECC00E61771 /* LKRegexValidator.m in Sources */ = {isa = PBXBuildFile; fileRef = FA3330FB1C175ECC00E61771 /* LKRegexValidator.m */; };
		FA3331071C175ECC00E61771 /* LKRequiredValidator.m in Sources */ = {isa = PBXBuildFile; fileRef = FA3330FD1C175ECC00E61771 /* LKRequiredValidator.m */; };
		FA3331131C175ED500E61771 /* LKAlphaValidatorTests.m in Sources */ = {isa = PBXBuildFile; fileRef = FA3331091C175ED500E61771 /* LKAlphaValidatorTests.m */; };
		FA3331141C175ED500E61771 /* LKEmailValidatorTests.m in Sources */ = {isa = PBXBuildFile; fileRef = FA33310A1C175ED500E61771 /* LKEmailValidatorTests.m */; };
		FA3331151C175ED500E61771 /* LKLengthValidatorTests.m in Sources */ = {isa = PBXBuildFile; fileRef = FA33310B1C175ED500E61771 /* LKLengthValidatorTests.m */; };
		FA3331161C175ED500E61771 /* LKMultipleValidatorTests.m in Sources */ = {isa = PBXBuildFile; fileRef = FA33310C1C175ED500E61771 /* LKMultipleValidatorTests.m */; };
		FA3331171C175ED500E61771 /* LKNumericValidatorTests.m in Sources */ = {isa = PBXBuildFile; fileRef = FA33310D1C175ED500E61771 /* LKNumericValidatorTests.m */; };
		FA3331181C175ED500E61771 /* LKRegexValidatorTests.m in Sources */ = {isa = PBXBuildFile; fileRef = FA33310E1C175ED500E61771 /* LKRegexValidatorTests.m */; };
		FA3331191C175ED500E61771 /* LKRequiredValidatorTests.m in Sources */ = {isa = PBXBuildFile; fileRef = FA33310F1C175ED500E61771 /* LKRequiredValidatorTests.m */; };
		FA33311A1C175ED500E61771 /* LKTextFieldTests.m in Sources */ = {isa = PBXBuildFile; fileRef = FA3331101C175ED500E61771 /* LKTextFieldTests.m */; };
		FA33311B1C175ED500E61771 /* LKValidatorErrorTests.m in Sources */ = {isa = PBXBuildFile; fileRef = FA3331111C175ED500E61771 /* LKValidatorErrorTests.m */; };
		FA33311C1C175ED500E61771 /* LKValidatorTests.m in Sources */ = {isa = PBXBuildFile; fileRef = FA3331121C175ED500E61771 /* LKValidatorTests.m */; };
		FA33311D1C175F4F00E61771 /* LKValidator.m in Sources */ = {isa = PBXBuildFile; fileRef = FA3330E81C175ECC00E61771 /* LKValidator.m */; };
		FA33311E1C175F4F00E61771 /* LKValidatorError.m in Sources */ = {isa = PBXBuildFile; fileRef = FA3330EA1C175ECC00E61771 /* LKValidatorError.m */; };
		FA33311F1C175F4F00E61771 /* LKTextField.m in Sources */ = {isa = PBXBuildFile; fileRef = FA3330EE1C175ECC00E61771 /* LKTextField.m */; };
		FA3331201C175F4F00E61771 /* LKAlphaValidator.m in Sources */ = {isa = PBXBuildFile; fileRef = FA3330F11C175ECC00E61771 /* LKAlphaValidator.m */; };
		FA3331211C175F4F00E61771 /* LKEmailValidator.m in Sources */ = {isa = PBXBuildFile; fileRef = FA3330F31C175ECC00E61771 /* LKEmailValidator.m */; };
		FA3331221C175F4F00E61771 /* LKLengthValidator.m in Sources */ = {isa = PBXBuildFile; fileRef = FA3330F51C175ECC00E61771 /* LKLengthValidator.m */; };
		FA3331231C175F4F00E61771 /* LKMultipleValidator.m in Sources */ = {isa = PBXBuildFile; fileRef = FA3330F71C175ECC00E61771 /* LKMultipleValidator.m */; };
		FA3331241C175F4F00E61771 /* LKNumericValidator.m in Sources */ = {isa = PBXBuildFile; fileRef = FA3330F91C175ECC00E61771 /* LKNumericValidator.m */; };
		FA3331251C175F4F00E61771 /* LKRegexValidator.m in Sources */ = {isa = PBXBuildFile; fileRef = FA3330FB1C175ECC00E61771 /* LKRegexValidator.m */; };
		FA3331261C175F4F00E61771 /* LKRequiredValidator.m in Sources */ = {isa = PBXBuildFile; fileRef = FA3330FD1C175ECC00E61771 /* LKRequiredValidator.m */; };
/* End PBXBuildFile section */

/* Begin PBXContainerItemProxy section */
		808F5AC6182A1D270019CEFF /* PBXContainerItemProxy */ = {
			isa = PBXContainerItemProxy;
			containerPortal = 808F5A9E182A1D260019CEFF /* Project object */;
			proxyType = 1;
			remoteGlobalIDString = 808F5AA5182A1D270019CEFF;
			remoteInfo = InputValidatorsExample;
		};
/* End PBXContainerItemProxy section */

/* Begin PBXFileReference section */
		8014DCC1182A20DC0084F0B9 /* ExampleViewController.h */ = {isa = PBXFileReference; fileEncoding = 4; lastKnownFileType = sourcecode.c.h; path = ExampleViewController.h; sourceTree = "<group>"; };
		8014DCC2182A20DC0084F0B9 /* ExampleViewController.m */ = {isa = PBXFileReference; fileEncoding = 4; lastKnownFileType = sourcecode.c.objc; path = ExampleViewController.m; sourceTree = "<group>"; };
		8014DCC3182A20DC0084F0B9 /* ExampleViewController.xib */ = {isa = PBXFileReference; fileEncoding = 4; lastKnownFileType = file.xib; path = ExampleViewController.xib; sourceTree = "<group>"; };
		808F5AA6182A1D270019CEFF /* InputValidatorsExample.app */ = {isa = PBXFileReference; explicitFileType = wrapper.application; includeInIndex = 0; path = InputValidatorsExample.app; sourceTree = BUILT_PRODUCTS_DIR; };
		808F5AA9182A1D270019CEFF /* Foundation.framework */ = {isa = PBXFileReference; lastKnownFileType = wrapper.framework; name = Foundation.framework; path = System/Library/Frameworks/Foundation.framework; sourceTree = SDKROOT; };
		808F5AAB182A1D270019CEFF /* CoreGraphics.framework */ = {isa = PBXFileReference; lastKnownFileType = wrapper.framework; name = CoreGraphics.framework; path = System/Library/Frameworks/CoreGraphics.framework; sourceTree = SDKROOT; };
		808F5AAD182A1D270019CEFF /* UIKit.framework */ = {isa = PBXFileReference; lastKnownFileType = wrapper.framework; name = UIKit.framework; path = System/Library/Frameworks/UIKit.framework; sourceTree = SDKROOT; };
		808F5AB1182A1D270019CEFF /* InputValidatorsExample-Info.plist */ = {isa = PBXFileReference; lastKnownFileType = text.plist.xml; path = "InputValidatorsExample-Info.plist"; sourceTree = "<group>"; };
		808F5AB3182A1D270019CEFF /* en */ = {isa = PBXFileReference; lastKnownFileType = text.plist.strings; name = en; path = en.lproj/InfoPlist.strings; sourceTree = "<group>"; };
		808F5AB5182A1D270019CEFF /* main.m */ = {isa = PBXFileReference; lastKnownFileType = sourcecode.c.objc; path = main.m; sourceTree = "<group>"; };
		808F5AB7182A1D270019CEFF /* InputValidatorsExample-Prefix.pch */ = {isa = PBXFileReference; lastKnownFileType = sourcecode.c.h; path = "InputValidatorsExample-Prefix.pch"; sourceTree = "<group>"; };
		808F5AB8182A1D270019CEFF /* AppDelegate.h */ = {isa = PBXFileReference; lastKnownFileType = sourcecode.c.h; path = AppDelegate.h; sourceTree = "<group>"; };
		808F5AB9182A1D270019CEFF /* AppDelegate.m */ = {isa = PBXFileReference; lastKnownFileType = sourcecode.c.objc; path = AppDelegate.m; sourceTree = "<group>"; };
		808F5ABB182A1D270019CEFF /* Images.xcassets */ = {isa = PBXFileReference; lastKnownFileType = folder.assetcatalog; path = Images.xcassets; sourceTree = "<group>"; };
		808F5AC1182A1D270019CEFF /* InputValidatorsExampleTests.xctest */ = {isa = PBXFileReference; explicitFileType = wrapper.cfbundle; includeInIndex = 0; path = InputValidatorsExampleTests.xctest; sourceTree = BUILT_PRODUCTS_DIR; };
		808F5AC2182A1D270019CEFF /* XCTest.framework */ = {isa = PBXFileReference; lastKnownFileType = wrapper.framework; name = XCTest.framework; path = Library/Frameworks/XCTest.framework; sourceTree = DEVELOPER_DIR; };
		808F5ACA182A1D270019CEFF /* InputValidatorsExampleTests-Info.plist */ = {isa = PBXFileReference; lastKnownFileType = text.plist.xml; path = "InputValidatorsExampleTests-Info.plist"; sourceTree = "<group>"; };
		808F5ACC182A1D270019CEFF /* en */ = {isa = PBXFileReference; lastKnownFileType = text.plist.strings; name = en; path = en.lproj/InfoPlist.strings; sourceTree = "<group>"; };
		80D3F914182B757700DCF7C0 /* ValidatorExampleViewController.h */ = {isa = PBXFileReference; fileEncoding = 4; lastKnownFileType = sourcecode.c.h; path = ValidatorExampleViewController.h; sourceTree = "<group>"; };
		80D3F915182B757700DCF7C0 /* ValidatorExampleViewController.m */ = {isa = PBXFileReference; fileEncoding = 4; lastKnownFileType = sourcecode.c.objc; path = ValidatorExampleViewController.m; sourceTree = "<group>"; };
		80D3F916182B757700DCF7C0 /* ValidatorExampleViewController.xib */ = {isa = PBXFileReference; fileEncoding = 4; lastKnownFileType = file.xib; path = ValidatorExampleViewController.xib; sourceTree = "<group>"; };
		80D3F919182B848D00DCF7C0 /* MultipleValidatorExampleViewController.h */ = {isa = PBXFileReference; fileEncoding = 4; lastKnownFileType = sourcecode.c.h; path = MultipleValidatorExampleViewController.h; sourceTree = "<group>"; };
		80D3F91A182B848D00DCF7C0 /* MultipleValidatorExampleViewController.m */ = {isa = PBXFileReference; fileEncoding = 4; lastKnownFileType = sourcecode.c.objc; path = MultipleValidatorExampleViewController.m; sourceTree = "<group>"; };
		80D3F91B182B848D00DCF7C0 /* MultipleValidatorExampleViewController.xib */ = {isa = PBXFileReference; fileEncoding = 4; lastKnownFileType = file.xib; path = MultipleValidatorExampleViewController.xib; sourceTree = "<group>"; };
		FA1559931C0B7F07009C7F2B /* Launch Screen.storyboard */ = {isa = PBXFileReference; fileEncoding = 4; lastKnownFileType = file.storyboard; path = "Launch Screen.storyboard"; sourceTree = "<group>"; };
		FA3330E71C175ECC00E61771 /* LKValidator.h */ = {isa = PBXFileReference; fileEncoding = 4; lastKnownFileType = sourcecode.c.h; path = LKValidator.h; sourceTree = "<group>"; };
		FA3330E81C175ECC00E61771 /* LKValidator.m */ = {isa = PBXFileReference; fileEncoding = 4; lastKnownFileType = sourcecode.c.objc; path = LKValidator.m; sourceTree = "<group>"; };
		FA3330E91C175ECC00E61771 /* LKValidatorError.h */ = {isa = PBXFileReference; fileEncoding = 4; lastKnownFileType = sourcecode.c.h; path = LKValidatorError.h; sourceTree = "<group>"; };
		FA3330EA1C175ECC00E61771 /* LKValidatorError.m */ = {isa = PBXFileReference; fileEncoding = 4; lastKnownFileType = sourcecode.c.objc; path = LKValidatorError.m; sourceTree = "<group>"; };
		FA3330EB1C175ECC00E61771 /* LKValidators.h */ = {isa = PBXFileReference; fileEncoding = 4; lastKnownFileType = sourcecode.c.h; path = LKValidators.h; sourceTree = "<group>"; };
		FA3330ED1C175ECC00E61771 /* LKTextField.h */ = {isa = PBXFileReference; fileEncoding = 4; lastKnownFileType = sourcecode.c.h; path = LKTextField.h; sourceTree = "<group>"; };
		FA3330EE1C175ECC00E61771 /* LKTextField.m */ = {isa = PBXFileReference; fileEncoding = 4; lastKnownFileType = sourcecode.c.objc; path = LKTextField.m; sourceTree = "<group>"; };
		FA3330F01C175ECC00E61771 /* LKAlphaValidator.h */ = {isa = PBXFileReference; fileEncoding = 4; lastKnownFileType = sourcecode.c.h; path = LKAlphaValidator.h; sourceTree = "<group>"; };
		FA3330F11C175ECC00E61771 /* LKAlphaValidator.m */ = {isa = PBXFileReference; fileEncoding = 4; lastKnownFileType = sourcecode.c.objc; path = LKAlphaValidator.m; sourceTree = "<group>"; };
		FA3330F21C175ECC00E61771 /* LKEmailValidator.h */ = {isa = PBXFileReference; fileEncoding = 4; lastKnownFileType = sourcecode.c.h; path = LKEmailValidator.h; sourceTree = "<group>"; };
		FA3330F31C175ECC00E61771 /* LKEmailValidator.m */ = {isa = PBXFileReference; fileEncoding = 4; lastKnownFileType = sourcecode.c.objc; path = LKEmailValidator.m; sourceTree = "<group>"; };
		FA3330F41C175ECC00E61771 /* LKLengthValidator.h */ = {isa = PBXFileReference; fileEncoding = 4; lastKnownFileType = sourcecode.c.h; path = LKLengthValidator.h; sourceTree = "<group>"; };
		FA3330F51C175ECC00E61771 /* LKLengthValidator.m */ = {isa = PBXFileReference; fileEncoding = 4; lastKnownFileType = sourcecode.c.objc; path = LKLengthValidator.m; sourceTree = "<group>"; };
		FA3330F61C175ECC00E61771 /* LKMultipleValidator.h */ = {isa = PBXFileReference; fileEncoding = 4; lastKnownFileType = sourcecode.c.h; path = LKMultipleValidator.h; sourceTree = "<group>"; };
		FA3330F71C175ECC00E61771 /* LKMultipleValidator.m */ = {isa = PBXFileReference; fileEncoding = 4; lastKnownFileType = sourcecode.c.objc; path = LKMultipleValidator.m; sourceTree = "<group>"; };
		FA3330F81C175ECC00E61771 /* LKNumericValidator.h */ = {isa = PBXFileReference; fileEncoding = 4; lastKnownFileType = sourcecode.c.h; path = LKNumericValidator.h; sourceTree = "<group>"; };
		FA3330F91C175ECC00E61771 /* LKNumericValidator.m */ = {isa = PBXFileReference; fileEncoding = 4; lastKnownFileType = sourcecode.c.objc; path = LKNumericValidator.m; sourceTree = "<group>"; };
		FA3330FA1C175ECC00E61771 /* LKRegexValidator.h */ = {isa = PBXFileReference; fileEncoding = 4; lastKnownFileType = sourcecode.c.h; path = LKRegexValidator.h; sourceTree = "<group>"; };
		FA3330FB1C175ECC00E61771 /* LKRegexValidator.m */ = {isa = PBXFileReference; fileEncoding = 4; lastKnownFileType = sourcecode.c.objc; path = LKRegexValidator.m; sourceTree = "<group>"; };
		FA3330FC1C175ECC00E61771 /* LKRequiredValidator.h */ = {isa = PBXFileReference; fileEncoding = 4; lastKnownFileType = sourcecode.c.h; path = LKRequiredValidator.h; sourceTree = "<group>"; };
		FA3330FD1C175ECC00E61771 /* LKRequiredValidator.m */ = {isa = PBXFileReference; fileEncoding = 4; lastKnownFileType = sourcecode.c.objc; path = LKRequiredValidator.m; sourceTree = "<group>"; };
		FA3331091C175ED500E61771 /* LKAlphaValidatorTests.m */ = {isa = PBXFileReference; fileEncoding = 4; lastKnownFileType = sourcecode.c.objc; path = LKAlphaValidatorTests.m; sourceTree = "<group>"; };
		FA33310A1C175ED500E61771 /* LKEmailValidatorTests.m */ = {isa = PBXFileReference; fileEncoding = 4; lastKnownFileType = sourcecode.c.objc; path = LKEmailValidatorTests.m; sourceTree = "<group>"; };
		FA33310B1C175ED500E61771 /* LKLengthValidatorTests.m */ = {isa = PBXFileReference; fileEncoding = 4; lastKnownFileType = sourcecode.c.objc; path = LKLengthValidatorTests.m; sourceTree = "<group>"; };
		FA33310C1C175ED500E61771 /* LKMultipleValidatorTests.m */ = {isa = PBXFileReference; fileEncoding = 4; lastKnownFileType = sourcecode.c.objc; path = LKMultipleValidatorTests.m; sourceTree = "<group>"; };
		FA33310D1C175ED500E61771 /* LKNumericValidatorTests.m */ = {isa = PBXFileReference; fileEncoding = 4; lastKnownFileType = sourcecode.c.objc; path = LKNumericValidatorTests.m; sourceTree = "<group>"; };
		FA33310E1C175ED500E61771 /* LKRegexValidatorTests.m */ = {isa = PBXFileReference; fileEncoding = 4; lastKnownFileType = sourcecode.c.objc; path = LKRegexValidatorTests.m; sourceTree = "<group>"; };
		FA33310F1C175ED500E61771 /* LKRequiredValidatorTests.m */ = {isa = PBXFileReference; fileEncoding = 4; lastKnownFileType = sourcecode.c.objc; path = LKRequiredValidatorTests.m; sourceTree = "<group>"; };
		FA3331101C175ED500E61771 /* LKTextFieldTests.m */ = {isa = PBXFileReference; fileEncoding = 4; lastKnownFileType = sourcecode.c.objc; path = LKTextFieldTests.m; sourceTree = "<group>"; };
		FA3331111C175ED500E61771 /* LKValidatorErrorTests.m */ = {isa = PBXFileReference; fileEncoding = 4; lastKnownFileType = sourcecode.c.objc; path = LKValidatorErrorTests.m; sourceTree = "<group>"; };
		FA3331121C175ED500E61771 /* LKValidatorTests.m */ = {isa = PBXFileReference; fileEncoding = 4; lastKnownFileType = sourcecode.c.objc; path = LKValidatorTests.m; sourceTree = "<group>"; };
/* End PBXFileReference section */

/* Begin PBXFrameworksBuildPhase section */
		808F5AA3182A1D270019CEFF /* Frameworks */ = {
			isa = PBXFrameworksBuildPhase;
			buildActionMask = 2147483647;
			files = (
				808F5AAC182A1D270019CEFF /* CoreGraphics.framework in Frameworks */,
				808F5AAE182A1D270019CEFF /* UIKit.framework in Frameworks */,
				808F5AAA182A1D270019CEFF /* Foundation.framework in Frameworks */,
			);
			runOnlyForDeploymentPostprocessing = 0;
		};
		808F5ABE182A1D270019CEFF /* Frameworks */ = {
			isa = PBXFrameworksBuildPhase;
			buildActionMask = 2147483647;
			files = (
				808F5AC3182A1D270019CEFF /* XCTest.framework in Frameworks */,
				808F5AC5182A1D270019CEFF /* UIKit.framework in Frameworks */,
				808F5AC4182A1D270019CEFF /* Foundation.framework in Frameworks */,
			);
			runOnlyForDeploymentPostprocessing = 0;
		};
/* End PBXFrameworksBuildPhase section */

/* Begin PBXGroup section */
		808F5A9D182A1D260019CEFF = {
			isa = PBXGroup;
			children = (
				FA3330E51C175ECC00E61771 /* Sources */,
				808F5AAF182A1D270019CEFF /* InputValidatorsExample */,
				808F5AC8182A1D270019CEFF /* InputValidatorsExampleTests */,
				808F5AA8182A1D270019CEFF /* Frameworks */,
				808F5AA7182A1D270019CEFF /* Products */,
			);
			sourceTree = "<group>";
		};
		808F5AA7182A1D270019CEFF /* Products */ = {
			isa = PBXGroup;
			children = (
				808F5AA6182A1D270019CEFF /* InputValidatorsExample.app */,
				808F5AC1182A1D270019CEFF /* InputValidatorsExampleTests.xctest */,
			);
			name = Products;
			sourceTree = "<group>";
		};
		808F5AA8182A1D270019CEFF /* Frameworks */ = {
			isa = PBXGroup;
			children = (
				808F5AA9182A1D270019CEFF /* Foundation.framework */,
				808F5AAB182A1D270019CEFF /* CoreGraphics.framework */,
				808F5AAD182A1D270019CEFF /* UIKit.framework */,
				808F5AC2182A1D270019CEFF /* XCTest.framework */,
			);
			name = Frameworks;
			sourceTree = "<group>";
		};
		808F5AAF182A1D270019CEFF /* InputValidatorsExample */ = {
			isa = PBXGroup;
			children = (
				808F5AB0182A1D270019CEFF /* Supporting Files */,
				808F5AB8182A1D270019CEFF /* AppDelegate.h */,
				808F5AB9182A1D270019CEFF /* AppDelegate.m */,
				8014DCC1182A20DC0084F0B9 /* ExampleViewController.h */,
				8014DCC2182A20DC0084F0B9 /* ExampleViewController.m */,
				8014DCC3182A20DC0084F0B9 /* ExampleViewController.xib */,
				808F5ABB182A1D270019CEFF /* Images.xcassets */,
				FA1559931C0B7F07009C7F2B /* Launch Screen.storyboard */,
				80D3F919182B848D00DCF7C0 /* MultipleValidatorExampleViewController.h */,
				80D3F91A182B848D00DCF7C0 /* MultipleValidatorExampleViewController.m */,
				80D3F91B182B848D00DCF7C0 /* MultipleValidatorExampleViewController.xib */,
				80D3F914182B757700DCF7C0 /* ValidatorExampleViewController.h */,
				80D3F915182B757700DCF7C0 /* ValidatorExampleViewController.m */,
				80D3F916182B757700DCF7C0 /* ValidatorExampleViewController.xib */,
			);
			path = InputValidatorsExample;
			sourceTree = "<group>";
		};
		808F5AB0182A1D270019CEFF /* Supporting Files */ = {
			isa = PBXGroup;
			children = (
				808F5AB2182A1D270019CEFF /* InfoPlist.strings */,
				808F5AB1182A1D270019CEFF /* InputValidatorsExample-Info.plist */,
				808F5AB7182A1D270019CEFF /* InputValidatorsExample-Prefix.pch */,
				808F5AB5182A1D270019CEFF /* main.m */,
			);
			path = "Supporting Files";
			sourceTree = "<group>";
		};
		808F5AC8182A1D270019CEFF /* InputValidatorsExampleTests */ = {
			isa = PBXGroup;
			children = (
				FA3331081C175ED500E61771 /* Tests */,
				808F5AC9182A1D270019CEFF /* Supporting Files */,
			);
			path = InputValidatorsExampleTests;
			sourceTree = "<group>";
		};
		808F5AC9182A1D270019CEFF /* Supporting Files */ = {
			isa = PBXGroup;
			children = (
				808F5ACB182A1D270019CEFF /* InfoPlist.strings */,
				808F5ACA182A1D270019CEFF /* InputValidatorsExampleTests-Info.plist */,
			);
			path = "Supporting Files";
			sourceTree = "<group>";
		};
		FA3330E51C175ECC00E61771 /* Sources */ = {
			isa = PBXGroup;
			children = (
				FA3330E61C175ECC00E61771 /* Core */,
				FA3330EB1C175ECC00E61771 /* LKValidators.h */,
				FA3330EC1C175ECC00E61771 /* UI */,
				FA3330EF1C175ECC00E61771 /* Validators */,
			);
			name = Sources;
			path = ../Sources;
			sourceTree = "<group>";
		};
		FA3330E61C175ECC00E61771 /* Core */ = {
			isa = PBXGroup;
			children = (
				FA3330E71C175ECC00E61771 /* LKValidator.h */,
				FA3330E81C175ECC00E61771 /* LKValidator.m */,
				FA3330E91C175ECC00E61771 /* LKValidatorError.h */,
				FA3330EA1C175ECC00E61771 /* LKValidatorError.m */,
			);
			path = Core;
			sourceTree = "<group>";
		};
		FA3330EC1C175ECC00E61771 /* UI */ = {
			isa = PBXGroup;
			children = (
				FA3330ED1C175ECC00E61771 /* LKTextField.h */,
				FA3330EE1C175ECC00E61771 /* LKTextField.m */,
			);
			path = UI;
			sourceTree = "<group>";
		};
		FA3330EF1C175ECC00E61771 /* Validators */ = {
			isa = PBXGroup;
			children = (
				FA3330F01C175ECC00E61771 /* LKAlphaValidator.h */,
				FA3330F11C175ECC00E61771 /* LKAlphaValidator.m */,
				FA3330F21C175ECC00E61771 /* LKEmailValidator.h */,
				FA3330F31C175ECC00E61771 /* LKEmailValidator.m */,
				FA3330F41C175ECC00E61771 /* LKLengthValidator.h */,
				FA3330F51C175ECC00E61771 /* LKLengthValidator.m */,
				FA3330F61C175ECC00E61771 /* LKMultipleValidator.h */,
				FA3330F71C175ECC00E61771 /* LKMultipleValidator.m */,
				FA3330F81C175ECC00E61771 /* LKNumericValidator.h */,
				FA3330F91C175ECC00E61771 /* LKNumericValidator.m */,
				FA3330FA1C175ECC00E61771 /* LKRegexValidator.h */,
				FA3330FB1C175ECC00E61771 /* LKRegexValidator.m */,
				FA3330FC1C175ECC00E61771 /* LKRequiredValidator.h */,
				FA3330FD1C175ECC00E61771 /* LKRequiredValidator.m */,
			);
			path = Validators;
			sourceTree = "<group>";
		};
		FA3331081C175ED500E61771 /* Tests */ = {
			isa = PBXGroup;
			children = (
				FA3331091C175ED500E61771 /* LKAlphaValidatorTests.m */,
				FA33310A1C175ED500E61771 /* LKEmailValidatorTests.m */,
				FA33310B1C175ED500E61771 /* LKLengthValidatorTests.m */,
				FA33310C1C175ED500E61771 /* LKMultipleValidatorTests.m */,
				FA33310D1C175ED500E61771 /* LKNumericValidatorTests.m */,
				FA33310E1C175ED500E61771 /* LKRegexValidatorTests.m */,
				FA33310F1C175ED500E61771 /* LKRequiredValidatorTests.m */,
				FA3331101C175ED500E61771 /* LKTextFieldTests.m */,
				FA3331111C175ED500E61771 /* LKValidatorErrorTests.m */,
				FA3331121C175ED500E61771 /* LKValidatorTests.m */,
			);
			name = Tests;
			path = ../../Tests;
			sourceTree = "<group>";
		};
/* End PBXGroup section */

/* Begin PBXNativeTarget section */
		808F5AA5182A1D270019CEFF /* InputValidatorsExample */ = {
			isa = PBXNativeTarget;
			buildConfigurationList = 808F5AD2182A1D270019CEFF /* Build configuration list for PBXNativeTarget "InputValidatorsExample" */;
			buildPhases = (
				808F5AA2182A1D270019CEFF /* Sources */,
				808F5AA3182A1D270019CEFF /* Frameworks */,
				808F5AA4182A1D270019CEFF /* Resources */,
			);
			buildRules = (
			);
			dependencies = (
			);
			name = InputValidatorsExample;
			productName = InputValidatorsExample;
			productReference = 808F5AA6182A1D270019CEFF /* InputValidatorsExample.app */;
			productType = "com.apple.product-type.application";
		};
		808F5AC0182A1D270019CEFF /* InputValidatorsExampleTests */ = {
			isa = PBXNativeTarget;
			buildConfigurationList = 808F5AD5182A1D270019CEFF /* Build configuration list for PBXNativeTarget "InputValidatorsExampleTests" */;
			buildPhases = (
				808F5ABD182A1D270019CEFF /* Sources */,
				808F5ABE182A1D270019CEFF /* Frameworks */,
				808F5ABF182A1D270019CEFF /* Resources */,
			);
			buildRules = (
			);
			dependencies = (
				808F5AC7182A1D270019CEFF /* PBXTargetDependency */,
			);
			name = InputValidatorsExampleTests;
			productName = InputValidatorsExampleTests;
			productReference = 808F5AC1182A1D270019CEFF /* InputValidatorsExampleTests.xctest */;
			productType = "com.apple.product-type.bundle.unit-test";
		};
/* End PBXNativeTarget section */

/* Begin PBXProject section */
		808F5A9E182A1D260019CEFF /* Project object */ = {
			isa = PBXProject;
			attributes = {
				CLASSPREFIX = IV;
				LastUpgradeCheck = 0710;
				ORGANIZATIONNAME = "Ivan Lisovyi";
			};
			buildConfigurationList = 808F5AA1182A1D260019CEFF /* Build configuration list for PBXProject "InputValidatorsExample" */;
			compatibilityVersion = "Xcode 3.2";
			developmentRegion = English;
			hasScannedForEncodings = 0;
			knownRegions = (
				en,
			);
			mainGroup = 808F5A9D182A1D260019CEFF;
			productRefGroup = 808F5AA7182A1D270019CEFF /* Products */;
			projectDirPath = "";
			projectRoot = "";
			targets = (
				808F5AA5182A1D270019CEFF /* InputValidatorsExample */,
				808F5AC0182A1D270019CEFF /* InputValidatorsExampleTests */,
			);
		};
/* End PBXProject section */

/* Begin PBXResourcesBuildPhase section */
		808F5AA4182A1D270019CEFF /* Resources */ = {
			isa = PBXResourcesBuildPhase;
			buildActionMask = 2147483647;
			files = (
				FA1559941C0B7F07009C7F2B /* Launch Screen.storyboard in Resources */,
				80D3F918182B757700DCF7C0 /* ValidatorExampleViewController.xib in Resources */,
				808F5AB4182A1D270019CEFF /* InfoPlist.strings in Resources */,
				8014DCC6182A20DC0084F0B9 /* ExampleViewController.xib in Resources */,
				808F5ABC182A1D270019CEFF /* Images.xcassets in Resources */,
				80D3F91D182B848D00DCF7C0 /* MultipleValidatorExampleViewController.xib in Resources */,
			);
			runOnlyForDeploymentPostprocessing = 0;
		};
		808F5ABF182A1D270019CEFF /* Resources */ = {
			isa = PBXResourcesBuildPhase;
			buildActionMask = 2147483647;
			files = (
				808F5ACD182A1D270019CEFF /* InfoPlist.strings in Resources */,
				8014DCC7182A20DC0084F0B9 /* ExampleViewController.xib in Resources */,
			);
			runOnlyForDeploymentPostprocessing = 0;
		};
/* End PBXResourcesBuildPhase section */

/* Begin PBXSourcesBuildPhase section */
		808F5AA2182A1D270019CEFF /* Sources */ = {
			isa = PBXSourcesBuildPhase;
			buildActionMask = 2147483647;
			files = (
				FA3331051C175ECC00E61771 /* LKNumericValidator.m in Sources */,
				FA3331001C175ECC00E61771 /* LKTextField.m in Sources */,
				FA3331041C175ECC00E61771 /* LKMultipleValidator.m in Sources */,
				80D3F917182B757700DCF7C0 /* ValidatorExampleViewController.m in Sources */,
				FA3331021C175ECC00E61771 /* LKEmailValidator.m in Sources */,
				FA3331071C175ECC00E61771 /* LKRequiredValidator.m in Sources */,
				808F5ABA182A1D270019CEFF /* AppDelegate.m in Sources */,
				FA3330FF1C175ECC00E61771 /* LKValidatorError.m in Sources */,
				8014DCC4182A20DC0084F0B9 /* ExampleViewController.m in Sources */,
				FA3330FE1C175ECC00E61771 /* LKValidator.m in Sources */,
				FA3331031C175ECC00E61771 /* LKLengthValidator.m in Sources */,
				FA3331011C175ECC00E61771 /* LKAlphaValidator.m in Sources */,
				808F5AB6182A1D270019CEFF /* main.m in Sources */,
				80D3F91C182B848D00DCF7C0 /* MultipleValidatorExampleViewController.m in Sources */,
				FA3331061C175ECC00E61771 /* LKRegexValidator.m in Sources */,
			);
			runOnlyForDeploymentPostprocessing = 0;
		};
		808F5ABD182A1D270019CEFF /* Sources */ = {
			isa = PBXSourcesBuildPhase;
			buildActionMask = 2147483647;
			files = (
				FA33311D1C175F4F00E61771 /* LKValidator.m in Sources */,
				FA33311E1C175F4F00E61771 /* LKValidatorError.m in Sources */,
				FA33311F1C175F4F00E61771 /* LKTextField.m in Sources */,
				FA3331201C175F4F00E61771 /* LKAlphaValidator.m in Sources */,
				FA3331211C175F4F00E61771 /* LKEmailValidator.m in Sources */,
				FA3331221C175F4F00E61771 /* LKLengthValidator.m in Sources */,
				FA3331231C175F4F00E61771 /* LKMultipleValidator.m in Sources */,
				FA3331241C175F4F00E61771 /* LKNumericValidator.m in Sources */,
				FA3331251C175F4F00E61771 /* LKRegexValidator.m in Sources */,
				FA3331261C175F4F00E61771 /* LKRequiredValidator.m in Sources */,
				FA33311B1C175ED500E61771 /* LKValidatorErrorTests.m in Sources */,
				FA33311A1C175ED500E61771 /* LKTextFieldTests.m in Sources */,
				FA3331151C175ED500E61771 /* LKLengthValidatorTests.m in Sources */,
				FA3331181C175ED500E61771 /* LKRegexValidatorTests.m in Sources */,
				FA3331191C175ED500E61771 /* LKRequiredValidatorTests.m in Sources */,
				FA3331161C175ED500E61771 /* LKMultipleValidatorTests.m in Sources */,
				FA3331141C175ED500E61771 /* LKEmailValidatorTests.m in Sources */,
				FA3331131C175ED500E61771 /* LKAlphaValidatorTests.m in Sources */,
				FA3331171C175ED500E61771 /* LKNumericValidatorTests.m in Sources */,
				FA33311C1C175ED500E61771 /* LKValidatorTests.m in Sources */,
			);
			runOnlyForDeploymentPostprocessing = 0;
		};
/* End PBXSourcesBuildPhase section */

/* Begin PBXTargetDependency section */
		808F5AC7182A1D270019CEFF /* PBXTargetDependency */ = {
			isa = PBXTargetDependency;
			target = 808F5AA5182A1D270019CEFF /* InputValidatorsExample */;
			targetProxy = 808F5AC6182A1D270019CEFF /* PBXContainerItemProxy */;
		};
/* End PBXTargetDependency section */

/* Begin PBXVariantGroup section */
		808F5AB2182A1D270019CEFF /* InfoPlist.strings */ = {
			isa = PBXVariantGroup;
			children = (
				808F5AB3182A1D270019CEFF /* en */,
			);
			name = InfoPlist.strings;
			path = .;
			sourceTree = "<group>";
		};
		808F5ACB182A1D270019CEFF /* InfoPlist.strings */ = {
			isa = PBXVariantGroup;
			children = (
				808F5ACC182A1D270019CEFF /* en */,
			);
			name = InfoPlist.strings;
			path = .;
			sourceTree = "<group>";
		};
/* End PBXVariantGroup section */

/* Begin XCBuildConfiguration section */
		808F5AD0182A1D270019CEFF /* Debug */ = {
			isa = XCBuildConfiguration;
			buildSettings = {
				ALWAYS_SEARCH_USER_PATHS = NO;
				CLANG_CXX_LANGUAGE_STANDARD = "gnu++0x";
				CLANG_CXX_LIBRARY = "libc++";
				CLANG_ENABLE_MODULES = YES;
				CLANG_ENABLE_OBJC_ARC = YES;
				CLANG_WARN_BOOL_CONVERSION = YES;
				CLANG_WARN_CONSTANT_CONVERSION = YES;
				CLANG_WARN_DIRECT_OBJC_ISA_USAGE = YES_ERROR;
				CLANG_WARN_EMPTY_BODY = YES;
				CLANG_WARN_ENUM_CONVERSION = YES;
				CLANG_WARN_INT_CONVERSION = YES;
				CLANG_WARN_OBJC_ROOT_CLASS = YES_ERROR;
				CLANG_WARN__DUPLICATE_METHOD_MATCH = YES;
				"CODE_SIGN_IDENTITY[sdk=iphoneos*]" = "iPhone Developer";
				COPY_PHASE_STRIP = NO;
				ENABLE_TESTABILITY = YES;
				GCC_C_LANGUAGE_STANDARD = gnu99;
				GCC_DYNAMIC_NO_PIC = NO;
				GCC_OPTIMIZATION_LEVEL = 0;
				GCC_PREPROCESSOR_DEFINITIONS = (
					"DEBUG=1",
					"$(inherited)",
				);
				GCC_SYMBOLS_PRIVATE_EXTERN = NO;
				GCC_WARN_64_TO_32_BIT_CONVERSION = YES;
				GCC_WARN_ABOUT_RETURN_TYPE = YES_ERROR;
				GCC_WARN_UNDECLARED_SELECTOR = YES;
				GCC_WARN_UNINITIALIZED_AUTOS = YES;
				GCC_WARN_UNUSED_FUNCTION = YES;
				GCC_WARN_UNUSED_VARIABLE = YES;
				IPHONEOS_DEPLOYMENT_TARGET = 7.0;
				ONLY_ACTIVE_ARCH = YES;
				SDKROOT = iphoneos;
				VALID_ARCHS = "armv7 armv7s i386 arm64";
			};
			name = Debug;
		};
		808F5AD1182A1D270019CEFF /* Release */ = {
			isa = XCBuildConfiguration;
			buildSettings = {
				ALWAYS_SEARCH_USER_PATHS = NO;
				CLANG_CXX_LANGUAGE_STANDARD = "gnu++0x";
				CLANG_CXX_LIBRARY = "libc++";
				CLANG_ENABLE_MODULES = YES;
				CLANG_ENABLE_OBJC_ARC = YES;
				CLANG_WARN_BOOL_CONVERSION = YES;
				CLANG_WARN_CONSTANT_CONVERSION = YES;
				CLANG_WARN_DIRECT_OBJC_ISA_USAGE = YES_ERROR;
				CLANG_WARN_EMPTY_BODY = YES;
				CLANG_WARN_ENUM_CONVERSION = YES;
				CLANG_WARN_INT_CONVERSION = YES;
				CLANG_WARN_OBJC_ROOT_CLASS = YES_ERROR;
				CLANG_WARN__DUPLICATE_METHOD_MATCH = YES;
				"CODE_SIGN_IDENTITY[sdk=iphoneos*]" = "iPhone Developer";
				COPY_PHASE_STRIP = YES;
				ENABLE_NS_ASSERTIONS = NO;
				GCC_C_LANGUAGE_STANDARD = gnu99;
				GCC_WARN_64_TO_32_BIT_CONVERSION = YES;
				GCC_WARN_ABOUT_RETURN_TYPE = YES_ERROR;
				GCC_WARN_UNDECLARED_SELECTOR = YES;
				GCC_WARN_UNINITIALIZED_AUTOS = YES;
				GCC_WARN_UNUSED_FUNCTION = YES;
				GCC_WARN_UNUSED_VARIABLE = YES;
				IPHONEOS_DEPLOYMENT_TARGET = 7.0;
				ONLY_ACTIVE_ARCH = NO;
				SDKROOT = iphoneos;
				VALIDATE_PRODUCT = YES;
				VALID_ARCHS = "armv7 armv7s i386 arm64";
			};
			name = Release;
		};
		808F5AD3182A1D270019CEFF /* Debug */ = {
			isa = XCBuildConfiguration;
			buildSettings = {
				ASSETCATALOG_COMPILER_APPICON_NAME = AppIcon;
				ASSETCATALOG_COMPILER_LAUNCHIMAGE_NAME = LaunchImage;
				GCC_PRECOMPILE_PREFIX_HEADER = YES;
				GCC_PREFIX_HEADER = "InputValidatorsExample/Supporting Files/InputValidatorsExample-Prefix.pch";
				INFOPLIST_FILE = "InputValidatorsExample/Supporting Files/InputValidatorsExample-Info.plist";
				PRODUCT_BUNDLE_IDENTIFIER = "com.ramotion.${PRODUCT_NAME:rfc1034identifier}";
				PRODUCT_NAME = "$(TARGET_NAME)";
				VALID_ARCHS = "armv7 armv7s i386 arm64";
				WRAPPER_EXTENSION = app;
			};
			name = Debug;
		};
		808F5AD4182A1D270019CEFF /* Release */ = {
			isa = XCBuildConfiguration;
			buildSettings = {
				ASSETCATALOG_COMPILER_APPICON_NAME = AppIcon;
				ASSETCATALOG_COMPILER_LAUNCHIMAGE_NAME = LaunchImage;
				GCC_PRECOMPILE_PREFIX_HEADER = YES;
				GCC_PREFIX_HEADER = "InputValidatorsExample/Supporting Files/InputValidatorsExample-Prefix.pch";
				INFOPLIST_FILE = "InputValidatorsExample/Supporting Files/InputValidatorsExample-Info.plist";
				PRODUCT_BUNDLE_IDENTIFIER = "com.ramotion.${PRODUCT_NAME:rfc1034identifier}";
				PRODUCT_NAME = "$(TARGET_NAME)";
				VALID_ARCHS = "armv7 armv7s i386 arm64";
				WRAPPER_EXTENSION = app;
			};
			name = Release;
		};
		808F5AD6182A1D270019CEFF /* Debug */ = {
			isa = XCBuildConfiguration;
			buildSettings = {
				FRAMEWORK_SEARCH_PATHS = (
					"$(SDKROOT)/Developer/Library/Frameworks",
					"$(inherited)",
					"$(DEVELOPER_FRAMEWORKS_DIR)",
				);
				GCC_GENERATE_TEST_COVERAGE_FILES = YES;
				GCC_PRECOMPILE_PREFIX_HEADER = YES;
				GCC_PREFIX_HEADER = "InputValidatorsExample/Supporting Files/InputValidatorsExample-Prefix.pch";
				GCC_PREPROCESSOR_DEFINITIONS = (
					"DEBUG=1",
					"$(inherited)",
				);
				INFOPLIST_FILE = "InputValidatorsExampleTests/Supporting Files/InputValidatorsExampleTests-Info.plist";
				PRODUCT_BUNDLE_IDENTIFIER = "com.ramotion.${PRODUCT_NAME:rfc1034identifier}";
				PRODUCT_NAME = "$(TARGET_NAME)";
				WRAPPER_EXTENSION = xctest;
			};
			name = Debug;
		};
		808F5AD7182A1D270019CEFF /* Release */ = {
			isa = XCBuildConfiguration;
			buildSettings = {
				FRAMEWORK_SEARCH_PATHS = (
					"$(SDKROOT)/Developer/Library/Frameworks",
					"$(inherited)",
					"$(DEVELOPER_FRAMEWORKS_DIR)",
				);
				GCC_GENERATE_TEST_COVERAGE_FILES = YES;
				GCC_PRECOMPILE_PREFIX_HEADER = YES;
				GCC_PREFIX_HEADER = "InputValidatorsExample/Supporting Files/InputValidatorsExample-Prefix.pch";
				INFOPLIST_FILE = "InputValidatorsExampleTests/Supporting Files/InputValidatorsExampleTests-Info.plist";
				PRODUCT_BUNDLE_IDENTIFIER = "com.ramotion.${PRODUCT_NAME:rfc1034identifier}";
				PRODUCT_NAME = "$(TARGET_NAME)";
				WRAPPER_EXTENSION = xctest;
			};
			name = Release;
		};
/* End XCBuildConfiguration section */

/* Begin XCConfigurationList section */
		808F5AA1182A1D260019CEFF /* Build configuration list for PBXProject "InputValidatorsExample" */ = {
			isa = XCConfigurationList;
			buildConfigurations = (
				808F5AD0182A1D270019CEFF /* Debug */,
				808F5AD1182A1D270019CEFF /* Release */,
			);
			defaultConfigurationIsVisible = 0;
			defaultConfigurationName = Release;
		};
		808F5AD2182A1D270019CEFF /* Build configuration list for PBXNativeTarget "InputValidatorsExample" */ = {
			isa = XCConfigurationList;
			buildConfigurations = (
				808F5AD3182A1D270019CEFF /* Debug */,
				808F5AD4182A1D270019CEFF /* Release */,
			);
			defaultConfigurationIsVisible = 0;
			defaultConfigurationName = Release;
		};
		808F5AD5182A1D270019CEFF /* Build configuration list for PBXNativeTarget "InputValidatorsExampleTests" */ = {
			isa = XCConfigurationList;
			buildConfigurations = (
				808F5AD6182A1D270019CEFF /* Debug */,
				808F5AD7182A1D270019CEFF /* Release */,
			);
			defaultConfigurationIsVisible = 0;
			defaultConfigurationName = Release;
		};
/* End XCConfigurationList section */
	};
	rootObject = 808F5A9E182A1D260019CEFF /* Project object */;
}
